// !$*UTF8*$!
{
	archiveVersion = 1;
	classes = {
	};
	objectVersion = 51;
	objects = {

/* Begin PBXBuildFile section */
		2152FB042600AC8F00CF470E /* iOSApp.swift in Sources */ = {isa = PBXBuildFile; fileRef = 2152FB032600AC8F00CF470E /* iOSApp.swift */; };
		4A7558292792B1B5002C3617 /* SimpleListItem.swift in Sources */ = {isa = PBXBuildFile; fileRef = 4A7558282792B1B5002C3617 /* SimpleListItem.swift */; };
		4A75582B2792B558002C3617 /* SettingsView.swift in Sources */ = {isa = PBXBuildFile; fileRef = 4A75582A2792B558002C3617 /* SettingsView.swift */; };
		4A8FA90C279557DB004E55C6 /* Publisher+AnyCancellable.swift in Sources */ = {isa = PBXBuildFile; fileRef = 4A8FA90B279557DB004E55C6 /* Publisher+AnyCancellable.swift */; };
		4A8FA90E27955ECD004E55C6 /* SettingsViewModel.swift in Sources */ = {isa = PBXBuildFile; fileRef = 4A8FA90D27955ECD004E55C6 /* SettingsViewModel.swift */; };
		4ACA7427278ABE8E00F0D056 /* HomeView.swift in Sources */ = {isa = PBXBuildFile; fileRef = 4ACA7426278ABE8E00F0D056 /* HomeView.swift */; };
		4ACA7429278ABEB600F0D056 /* MapView.swift in Sources */ = {isa = PBXBuildFile; fileRef = 4ACA7428278ABEB600F0D056 /* MapView.swift */; };
		4ACA742B278ABED400F0D056 /* MyDateView.swift in Sources */ = {isa = PBXBuildFile; fileRef = 4ACA742A278ABED400F0D056 /* MyDateView.swift */; };
		4ACA742D278ABEE500F0D056 /* MenuView.swift in Sources */ = {isa = PBXBuildFile; fileRef = 4ACA742C278ABEE500F0D056 /* MenuView.swift */; };
		4ACA7431278ABFCB00F0D056 /* Colors.xcassets in Resources */ = {isa = PBXBuildFile; fileRef = 4ACA7430278ABFCB00F0D056 /* Colors.xcassets */; };
		4ACA7433278AC04800F0D056 /* Theme.swift in Sources */ = {isa = PBXBuildFile; fileRef = 4ACA7432278AC04800F0D056 /* Theme.swift */; };
		4ACA7435278AC17A00F0D056 /* AppIcon.xcassets in Resources */ = {isa = PBXBuildFile; fileRef = 4ACA7434278AC17A00F0D056 /* AppIcon.xcassets */; };
		4AD9D4DE27944D4500651E87 /* FeaturedListItem.swift in Sources */ = {isa = PBXBuildFile; fileRef = 4AD9D4DD27944D4500651E87 /* FeaturedListItem.swift */; };
		4AFA6BAF27947C580002309B /* HomeViewModel.swift in Sources */ = {isa = PBXBuildFile; fileRef = 4AFA6BAE27947C580002309B /* HomeViewModel.swift */; };
		4AFA6BB2279482850002309B /* KoinInit.swift in Sources */ = {isa = PBXBuildFile; fileRef = 4AFA6BB1279482850002309B /* KoinInit.swift */; };
		4AFA6BB62794A4350002309B /* HomeFeaturedPagerView.swift in Sources */ = {isa = PBXBuildFile; fileRef = 4AFA6BB52794A4350002309B /* HomeFeaturedPagerView.swift */; };
		4AFB125927941F7100AFD8A8 /* NotificationSettingsScreen.swift in Sources */ = {isa = PBXBuildFile; fileRef = 4AFB125827941F7100AFD8A8 /* NotificationSettingsScreen.swift */; };
		4AFB125D2794221F00AFD8A8 /* Icons.xcassets in Resources */ = {isa = PBXBuildFile; fileRef = 4AFB125C2794221F00AFD8A8 /* Icons.xcassets */; };
		66BBAC15A48BE3FB47641309 /* Pods_iosApp.framework in Frameworks */ = {isa = PBXBuildFile; fileRef = DF80EF4CDE6744FF139AB569 /* Pods_iosApp.framework */; };
		7555FF83242A565900829871 /* ContentView.swift in Sources */ = {isa = PBXBuildFile; fileRef = 7555FF82242A565900829871 /* ContentView.swift */; };
/* End PBXBuildFile section */

/* Begin PBXFileReference section */
		2152FB032600AC8F00CF470E /* iOSApp.swift */ = {isa = PBXFileReference; lastKnownFileType = sourcecode.swift; path = iOSApp.swift; sourceTree = "<group>"; };
		4A7558282792B1B5002C3617 /* SimpleListItem.swift */ = {isa = PBXFileReference; lastKnownFileType = sourcecode.swift; path = SimpleListItem.swift; sourceTree = "<group>"; };
		4A75582A2792B558002C3617 /* SettingsView.swift */ = {isa = PBXFileReference; lastKnownFileType = sourcecode.swift; path = SettingsView.swift; sourceTree = "<group>"; };
		4A8FA90B279557DB004E55C6 /* Publisher+AnyCancellable.swift */ = {isa = PBXFileReference; lastKnownFileType = sourcecode.swift; path = "Publisher+AnyCancellable.swift"; sourceTree = "<group>"; };
		4A8FA90D27955ECD004E55C6 /* SettingsViewModel.swift */ = {isa = PBXFileReference; lastKnownFileType = sourcecode.swift; path = SettingsViewModel.swift; sourceTree = "<group>"; };
		4ACA7426278ABE8E00F0D056 /* HomeView.swift */ = {isa = PBXFileReference; lastKnownFileType = sourcecode.swift; path = HomeView.swift; sourceTree = "<group>"; };
		4ACA7428278ABEB600F0D056 /* MapView.swift */ = {isa = PBXFileReference; lastKnownFileType = sourcecode.swift; path = MapView.swift; sourceTree = "<group>"; };
		4ACA742A278ABED400F0D056 /* MyDateView.swift */ = {isa = PBXFileReference; lastKnownFileType = sourcecode.swift; path = MyDateView.swift; sourceTree = "<group>"; };
		4ACA742C278ABEE500F0D056 /* MenuView.swift */ = {isa = PBXFileReference; lastKnownFileType = sourcecode.swift; path = MenuView.swift; sourceTree = "<group>"; };
		4ACA7430278ABFCB00F0D056 /* Colors.xcassets */ = {isa = PBXFileReference; lastKnownFileType = folder.assetcatalog; path = Colors.xcassets; sourceTree = "<group>"; };
		4ACA7432278AC04800F0D056 /* Theme.swift */ = {isa = PBXFileReference; lastKnownFileType = sourcecode.swift; path = Theme.swift; sourceTree = "<group>"; };
		4ACA7434278AC17A00F0D056 /* AppIcon.xcassets */ = {isa = PBXFileReference; lastKnownFileType = folder.assetcatalog; path = AppIcon.xcassets; sourceTree = "<group>"; };
		4AD9D4DD27944D4500651E87 /* FeaturedListItem.swift */ = {isa = PBXFileReference; lastKnownFileType = sourcecode.swift; path = FeaturedListItem.swift; sourceTree = "<group>"; };
		4AFA6BAE27947C580002309B /* HomeViewModel.swift */ = {isa = PBXFileReference; lastKnownFileType = sourcecode.swift; path = HomeViewModel.swift; sourceTree = "<group>"; };
		4AFA6BB1279482850002309B /* KoinInit.swift */ = {isa = PBXFileReference; lastKnownFileType = sourcecode.swift; path = KoinInit.swift; sourceTree = "<group>"; };
		4AFA6BB52794A4350002309B /* HomeFeaturedPagerView.swift */ = {isa = PBXFileReference; lastKnownFileType = sourcecode.swift; path = HomeFeaturedPagerView.swift; sourceTree = "<group>"; };
		4AFB125827941F7100AFD8A8 /* NotificationSettingsScreen.swift */ = {isa = PBXFileReference; lastKnownFileType = sourcecode.swift; path = NotificationSettingsScreen.swift; sourceTree = "<group>"; };
		4AFB125C2794221F00AFD8A8 /* Icons.xcassets */ = {isa = PBXFileReference; lastKnownFileType = folder.assetcatalog; path = Icons.xcassets; sourceTree = "<group>"; };
		7555FF7B242A565900829871 /* iosApp.app */ = {isa = PBXFileReference; explicitFileType = wrapper.application; includeInIndex = 0; path = iosApp.app; sourceTree = BUILT_PRODUCTS_DIR; };
		7555FF82242A565900829871 /* ContentView.swift */ = {isa = PBXFileReference; lastKnownFileType = sourcecode.swift; path = ContentView.swift; sourceTree = "<group>"; };
		7555FF8C242A565B00829871 /* Info.plist */ = {isa = PBXFileReference; lastKnownFileType = text.plist.xml; path = Info.plist; sourceTree = "<group>"; };
		AE95D38072455B9473DF50D5 /* Pods-iosApp.release.xcconfig */ = {isa = PBXFileReference; includeInIndex = 1; lastKnownFileType = text.xcconfig; name = "Pods-iosApp.release.xcconfig"; path = "Target Support Files/Pods-iosApp/Pods-iosApp.release.xcconfig"; sourceTree = "<group>"; };
		C5D9F4748C1B01C092D7DC11 /* Pods-iosApp.debug.xcconfig */ = {isa = PBXFileReference; includeInIndex = 1; lastKnownFileType = text.xcconfig; name = "Pods-iosApp.debug.xcconfig"; path = "Target Support Files/Pods-iosApp/Pods-iosApp.debug.xcconfig"; sourceTree = "<group>"; };
		DF80EF4CDE6744FF139AB569 /* Pods_iosApp.framework */ = {isa = PBXFileReference; explicitFileType = wrapper.framework; includeInIndex = 0; path = Pods_iosApp.framework; sourceTree = BUILT_PRODUCTS_DIR; };
/* End PBXFileReference section */

/* Begin PBXFrameworksBuildPhase section */
		1AEBD4584E07A233F9ED41CD /* Frameworks */ = {
			isa = PBXFrameworksBuildPhase;
			buildActionMask = 2147483647;
			files = (
				66BBAC15A48BE3FB47641309 /* Pods_iosApp.framework in Frameworks */,
			);
			runOnlyForDeploymentPostprocessing = 0;
		};
/* End PBXFrameworksBuildPhase section */

/* Begin PBXGroup section */
		3031FE34AA55BEFBCC7640E5 /* Pods */ = {
			isa = PBXGroup;
			children = (
				C5D9F4748C1B01C092D7DC11 /* Pods-iosApp.debug.xcconfig */,
				AE95D38072455B9473DF50D5 /* Pods-iosApp.release.xcconfig */,
			);
			path = Pods;
			sourceTree = "<group>";
		};
		4A7558242792B189002C3617 /* Menu */ = {
			isa = PBXGroup;
			children = (
				4AFB125727941F6000AFD8A8 /* Settings */,
				4ACA742C278ABEE500F0D056 /* MenuView.swift */,
			);
			path = Menu;
			sourceTree = "<group>";
		};
		4A7558272792B1AA002C3617 /* Components */ = {
			isa = PBXGroup;
			children = (
				4A7558282792B1B5002C3617 /* SimpleListItem.swift */,
				4AD9D4DD27944D4500651E87 /* FeaturedListItem.swift */,
			);
			path = Components;
			sourceTree = "<group>";
		};
		4A8FA90F27955F1E004E55C6 /* Map */ = {
			isa = PBXGroup;
			children = (
				4ACA7428278ABEB600F0D056 /* MapView.swift */,
			);
			path = Map;
			sourceTree = "<group>";
		};
		4A8FA91027955F27004E55C6 /* MyDate */ = {
			isa = PBXGroup;
			children = (
				4ACA742A278ABED400F0D056 /* MyDateView.swift */,
			);
			path = MyDate;
			sourceTree = "<group>";
		};
		4ACA7436278AC34700F0D056 /* Main */ = {
			isa = PBXGroup;
			children = (
				4A8FA91027955F27004E55C6 /* MyDate */,
				4A8FA90F27955F1E004E55C6 /* Map */,
				4AFA6BAD27947C150002309B /* Home */,
				4A7558242792B189002C3617 /* Menu */,
			);
			path = Main;
			sourceTree = "<group>";
		};
		4ACA7437278AC35100F0D056 /* Screen */ = {
			isa = PBXGroup;
			children = (
				4ACA7436278AC34700F0D056 /* Main */,
			);
			path = Screen;
			sourceTree = "<group>";
		};
		4ACA7438278AC35700F0D056 /* Ui */ = {
			isa = PBXGroup;
			children = (
				4A7558272792B1AA002C3617 /* Components */,
				4ACA743A278AC3B200F0D056 /* Style */,
				4ACA7437278AC35100F0D056 /* Screen */,
				7555FF82242A565900829871 /* ContentView.swift */,
			);
			path = Ui;
			sourceTree = "<group>";
		};
		4ACA7439278AC38800F0D056 /* Resources */ = {
			isa = PBXGroup;
			children = (
				7555FF8C242A565B00829871 /* Info.plist */,
				4ACA7430278ABFCB00F0D056 /* Colors.xcassets */,
				4ACA7434278AC17A00F0D056 /* AppIcon.xcassets */,
				4AFB125C2794221F00AFD8A8 /* Icons.xcassets */,
			);
			path = Resources;
			sourceTree = "<group>";
		};
		4ACA743A278AC3B200F0D056 /* Style */ = {
			isa = PBXGroup;
			children = (
				4ACA7432278AC04800F0D056 /* Theme.swift */,
			);
			path = Style;
			sourceTree = "<group>";
		};
		4AFA6BAD27947C150002309B /* Home */ = {
			isa = PBXGroup;
			children = (
				4ACA7426278ABE8E00F0D056 /* HomeView.swift */,
				4AFA6BAE27947C580002309B /* HomeViewModel.swift */,
				4AFA6BB52794A4350002309B /* HomeFeaturedPagerView.swift */,
			);
			path = Home;
			sourceTree = "<group>";
		};
		4AFA6BB0279482790002309B /* Utils */ = {
			isa = PBXGroup;
			children = (
				4AFA6BB1279482850002309B /* KoinInit.swift */,
				4A8FA90B279557DB004E55C6 /* Publisher+AnyCancellable.swift */,
			);
			path = Utils;
			sourceTree = "<group>";
		};
		4AFB125727941F6000AFD8A8 /* Settings */ = {
			isa = PBXGroup;
			children = (
				4A75582A2792B558002C3617 /* SettingsView.swift */,
				4A8FA90D27955ECD004E55C6 /* SettingsViewModel.swift */,
				4AFB125827941F7100AFD8A8 /* NotificationSettingsScreen.swift */,
			);
			path = Settings;
			sourceTree = "<group>";
		};
		7555FF72242A565900829871 = {
			isa = PBXGroup;
			children = (
				7555FF7D242A565900829871 /* iosApp */,
				7555FF7C242A565900829871 /* Products */,
				3031FE34AA55BEFBCC7640E5 /* Pods */,
				C2F4E2E2756AADC2F301B472 /* Frameworks */,
			);
			sourceTree = "<group>";
		};
		7555FF7C242A565900829871 /* Products */ = {
			isa = PBXGroup;
			children = (
				7555FF7B242A565900829871 /* iosApp.app */,
			);
			name = Products;
			sourceTree = "<group>";
		};
		7555FF7D242A565900829871 /* iosApp */ = {
			isa = PBXGroup;
			children = (
				4ACA7439278AC38800F0D056 /* Resources */,
				4ACA7438278AC35700F0D056 /* Ui */,
				2152FB032600AC8F00CF470E /* iOSApp.swift */,
				4AFA6BB0279482790002309B /* Utils */,
			);
			path = iosApp;
			sourceTree = "<group>";
		};
		C2F4E2E2756AADC2F301B472 /* Frameworks */ = {
			isa = PBXGroup;
			children = (
				DF80EF4CDE6744FF139AB569 /* Pods_iosApp.framework */,
			);
			name = Frameworks;
			sourceTree = "<group>";
		};
/* End PBXGroup section */

/* Begin PBXNativeTarget section */
		7555FF7A242A565900829871 /* iosApp */ = {
			isa = PBXNativeTarget;
			buildConfigurationList = 7555FFA5242A565B00829871 /* Build configuration list for PBXNativeTarget "iosApp" */;
			buildPhases = (
				307CC630B147969F552AA349 /* [CP] Check Pods Manifest.lock */,
				7555FF77242A565900829871 /* Sources */,
				7555FF79242A565900829871 /* Resources */,
				1AEBD4584E07A233F9ED41CD /* Frameworks */,
				521D5D3D4ED9D9C323D4AAF1 /* [CP] Embed Pods Frameworks */,
			);
			buildRules = (
			);
			dependencies = (
			);
			name = iosApp;
			productName = iosApp;
			productReference = 7555FF7B242A565900829871 /* iosApp.app */;
			productType = "com.apple.product-type.application";
		};
/* End PBXNativeTarget section */

/* Begin PBXProject section */
		7555FF73242A565900829871 /* Project object */ = {
			isa = PBXProject;
			attributes = {
				LastSwiftUpdateCheck = 1130;
				LastUpgradeCheck = 1130;
				ORGANIZATIONNAME = orgName;
				TargetAttributes = {
					7555FF7A242A565900829871 = {
						CreatedOnToolsVersion = 11.3.1;
					};
				};
			};
			buildConfigurationList = 7555FF76242A565900829871 /* Build configuration list for PBXProject "iosApp" */;
			compatibilityVersion = "Xcode 9.3";
			developmentRegion = MR.en;
			hasScannedForEncodings = 0;
			knownRegions = (
				MR.en,
				Base,
			);
			mainGroup = 7555FF72242A565900829871;
			productRefGroup = 7555FF7C242A565900829871 /* Products */;
			projectDirPath = "";
			projectRoot = "";
			targets = (
				7555FF7A242A565900829871 /* iosApp */,
			);
		};
/* End PBXProject section */

/* Begin PBXResourcesBuildPhase section */
		7555FF79242A565900829871 /* Resources */ = {
			isa = PBXResourcesBuildPhase;
			buildActionMask = 2147483647;
			files = (
				4ACA7435278AC17A00F0D056 /* AppIcon.xcassets in Resources */,
				4AFB125D2794221F00AFD8A8 /* Icons.xcassets in Resources */,
				4ACA7431278ABFCB00F0D056 /* Colors.xcassets in Resources */,
			);
			runOnlyForDeploymentPostprocessing = 0;
		};
/* End PBXResourcesBuildPhase section */

/* Begin PBXShellScriptBuildPhase section */
		307CC630B147969F552AA349 /* [CP] Check Pods Manifest.lock */ = {
			isa = PBXShellScriptBuildPhase;
			buildActionMask = 2147483647;
			files = (
			);
			inputFileListPaths = (
			);
			inputPaths = (
				"${PODS_PODFILE_DIR_PATH}/Podfile.lock",
				"${PODS_ROOT}/Manifest.lock",
			);
			name = "[CP] Check Pods Manifest.lock";
			outputFileListPaths = (
			);
			outputPaths = (
				"$(DERIVED_FILE_DIR)/Pods-iosApp-checkManifestLockResult.txt",
			);
			runOnlyForDeploymentPostprocessing = 0;
			shellPath = /bin/sh;
			shellScript = "diff \"${PODS_PODFILE_DIR_PATH}/Podfile.lock\" \"${PODS_ROOT}/Manifest.lock\" > /dev/null\nif [ $? != 0 ] ; then\n    # print error to STDERR\n    echo \"error: The sandbox is not in sync with the Podfile.lock. Run 'pod install' or update your CocoaPods installation.\" >&2\n    exit 1\nfi\n# This output is used by Xcode 'outputs' to avoid re-running this script phase.\necho \"SUCCESS\" > \"${SCRIPT_OUTPUT_FILE_0}\"\n";
			showEnvVarsInLog = 0;
		};
		521D5D3D4ED9D9C323D4AAF1 /* [CP] Embed Pods Frameworks */ = {
			isa = PBXShellScriptBuildPhase;
			buildActionMask = 2147483647;
			files = (
			);
			inputFileListPaths = (
				"${PODS_ROOT}/Target Support Files/Pods-iosApp/Pods-iosApp-frameworks-${CONFIGURATION}-input-files.xcfilelist",
			);
			name = "[CP] Embed Pods Frameworks";
			outputFileListPaths = (
				"${PODS_ROOT}/Target Support Files/Pods-iosApp/Pods-iosApp-frameworks-${CONFIGURATION}-output-files.xcfilelist",
			);
			runOnlyForDeploymentPostprocessing = 0;
			shellPath = /bin/sh;
			shellScript = "\"${PODS_ROOT}/Target Support Files/Pods-iosApp/Pods-iosApp-frameworks.sh\"\n";
			showEnvVarsInLog = 0;
		};
/* End PBXShellScriptBuildPhase section */

/* Begin PBXSourcesBuildPhase section */
		7555FF77242A565900829871 /* Sources */ = {
			isa = PBXSourcesBuildPhase;
			buildActionMask = 2147483647;
			files = (
				4ACA7427278ABE8E00F0D056 /* HomeView.swift in Sources */,
				4ACA7429278ABEB600F0D056 /* MapView.swift in Sources */,
				2152FB042600AC8F00CF470E /* iOSApp.swift in Sources */,
				4A75582B2792B558002C3617 /* SettingsView.swift in Sources */,
				4ACA742B278ABED400F0D056 /* MyDateView.swift in Sources */,
				4A8FA90C279557DB004E55C6 /* Publisher+AnyCancellable.swift in Sources */,
				4A7558292792B1B5002C3617 /* SimpleListItem.swift in Sources */,
				4ACA742D278ABEE500F0D056 /* MenuView.swift in Sources */,
				4AFA6BB62794A4350002309B /* HomeFeaturedPagerView.swift in Sources */,
				4AFA6BAF27947C580002309B /* HomeViewModel.swift in Sources */,
				4AFA6BB2279482850002309B /* KoinInit.swift in Sources */,
				7555FF83242A565900829871 /* ContentView.swift in Sources */,
				4AFB125927941F7100AFD8A8 /* NotificationSettingsScreen.swift in Sources */,
				4A8FA90E27955ECD004E55C6 /* SettingsViewModel.swift in Sources */,
				4AD9D4DE27944D4500651E87 /* FeaturedListItem.swift in Sources */,
				4ACA7433278AC04800F0D056 /* Theme.swift in Sources */,
			);
			runOnlyForDeploymentPostprocessing = 0;
		};
/* End PBXSourcesBuildPhase section */

/* Begin XCBuildConfiguration section */
		7555FFA3242A565B00829871 /* Debug */ = {
			isa = XCBuildConfiguration;
			buildSettings = {
				ALWAYS_SEARCH_USER_PATHS = NO;
				CLANG_ANALYZER_NONNULL = YES;
				CLANG_ANALYZER_NUMBER_OBJECT_CONVERSION = YES_AGGRESSIVE;
				CLANG_CXX_LANGUAGE_STANDARD = "gnu++14";
				CLANG_CXX_LIBRARY = "libc++";
				CLANG_ENABLE_MODULES = YES;
				CLANG_ENABLE_OBJC_ARC = YES;
				CLANG_ENABLE_OBJC_WEAK = YES;
				CLANG_WARN_BLOCK_CAPTURE_AUTORELEASING = YES;
				CLANG_WARN_BOOL_CONVERSION = YES;
				CLANG_WARN_COMMA = YES;
				CLANG_WARN_CONSTANT_CONVERSION = YES;
				CLANG_WARN_DEPRECATED_OBJC_IMPLEMENTATIONS = YES;
				CLANG_WARN_DIRECT_OBJC_ISA_USAGE = YES_ERROR;
				CLANG_WARN_DOCUMENTATION_COMMENTS = YES;
				CLANG_WARN_EMPTY_BODY = YES;
				CLANG_WARN_ENUM_CONVERSION = YES;
				CLANG_WARN_INFINITE_RECURSION = YES;
				CLANG_WARN_INT_CONVERSION = YES;
				CLANG_WARN_NON_LITERAL_NULL_CONVERSION = YES;
				CLANG_WARN_OBJC_IMPLICIT_RETAIN_SELF = YES;
				CLANG_WARN_OBJC_LITERAL_CONVERSION = YES;
				CLANG_WARN_OBJC_ROOT_CLASS = YES_ERROR;
				CLANG_WARN_QUOTED_INCLUDE_IN_FRAMEWORK_HEADER = YES;
				CLANG_WARN_RANGE_LOOP_ANALYSIS = YES;
				CLANG_WARN_STRICT_PROTOTYPES = YES;
				CLANG_WARN_SUSPICIOUS_MOVE = YES;
				CLANG_WARN_UNGUARDED_AVAILABILITY = YES_AGGRESSIVE;
				CLANG_WARN_UNREACHABLE_CODE = YES;
				CLANG_WARN__DUPLICATE_METHOD_MATCH = YES;
				COPY_PHASE_STRIP = NO;
				DEBUG_INFORMATION_FORMAT = "dwarf-with-dsym";
				ENABLE_STRICT_OBJC_MSGSEND = YES;
				ENABLE_TESTABILITY = YES;
				GCC_C_LANGUAGE_STANDARD = gnu11;
				GCC_DYNAMIC_NO_PIC = NO;
				GCC_NO_COMMON_BLOCKS = YES;
				GCC_OPTIMIZATION_LEVEL = 0;
				GCC_PREPROCESSOR_DEFINITIONS = (
					"DEBUG=1",
					"$(inherited)",
				);
				GCC_WARN_64_TO_32_BIT_CONVERSION = YES;
				GCC_WARN_ABOUT_RETURN_TYPE = YES_ERROR;
				GCC_WARN_UNDECLARED_SELECTOR = YES;
				GCC_WARN_UNINITIALIZED_AUTOS = YES_AGGRESSIVE;
				GCC_WARN_UNUSED_FUNCTION = YES;
				GCC_WARN_UNUSED_VARIABLE = YES;
				IPHONEOS_DEPLOYMENT_TARGET = 14.1;
				MTL_ENABLE_DEBUG_INFO = INCLUDE_SOURCE;
				MTL_FAST_MATH = YES;
				ONLY_ACTIVE_ARCH = YES;
				SDKROOT = iphoneos;
				SWIFT_ACTIVE_COMPILATION_CONDITIONS = DEBUG;
				SWIFT_OPTIMIZATION_LEVEL = "-Onone";
			};
			name = Debug;
		};
		7555FFA4242A565B00829871 /* Release */ = {
			isa = XCBuildConfiguration;
			buildSettings = {
				ALWAYS_SEARCH_USER_PATHS = NO;
				CLANG_ANALYZER_NONNULL = YES;
				CLANG_ANALYZER_NUMBER_OBJECT_CONVERSION = YES_AGGRESSIVE;
				CLANG_CXX_LANGUAGE_STANDARD = "gnu++14";
				CLANG_CXX_LIBRARY = "libc++";
				CLANG_ENABLE_MODULES = YES;
				CLANG_ENABLE_OBJC_ARC = YES;
				CLANG_ENABLE_OBJC_WEAK = YES;
				CLANG_WARN_BLOCK_CAPTURE_AUTORELEASING = YES;
				CLANG_WARN_BOOL_CONVERSION = YES;
				CLANG_WARN_COMMA = YES;
				CLANG_WARN_CONSTANT_CONVERSION = YES;
				CLANG_WARN_DEPRECATED_OBJC_IMPLEMENTATIONS = YES;
				CLANG_WARN_DIRECT_OBJC_ISA_USAGE = YES_ERROR;
				CLANG_WARN_DOCUMENTATION_COMMENTS = YES;
				CLANG_WARN_EMPTY_BODY = YES;
				CLANG_WARN_ENUM_CONVERSION = YES;
				CLANG_WARN_INFINITE_RECURSION = YES;
				CLANG_WARN_INT_CONVERSION = YES;
				CLANG_WARN_NON_LITERAL_NULL_CONVERSION = YES;
				CLANG_WARN_OBJC_IMPLICIT_RETAIN_SELF = YES;
				CLANG_WARN_OBJC_LITERAL_CONVERSION = YES;
				CLANG_WARN_OBJC_ROOT_CLASS = YES_ERROR;
				CLANG_WARN_QUOTED_INCLUDE_IN_FRAMEWORK_HEADER = YES;
				CLANG_WARN_RANGE_LOOP_ANALYSIS = YES;
				CLANG_WARN_STRICT_PROTOTYPES = YES;
				CLANG_WARN_SUSPICIOUS_MOVE = YES;
				CLANG_WARN_UNGUARDED_AVAILABILITY = YES_AGGRESSIVE;
				CLANG_WARN_UNREACHABLE_CODE = YES;
				CLANG_WARN__DUPLICATE_METHOD_MATCH = YES;
				COPY_PHASE_STRIP = NO;
				DEBUG_INFORMATION_FORMAT = "dwarf-with-dsym";
				ENABLE_NS_ASSERTIONS = NO;
				ENABLE_STRICT_OBJC_MSGSEND = YES;
				GCC_C_LANGUAGE_STANDARD = gnu11;
				GCC_NO_COMMON_BLOCKS = YES;
				GCC_WARN_64_TO_32_BIT_CONVERSION = YES;
				GCC_WARN_ABOUT_RETURN_TYPE = YES_ERROR;
				GCC_WARN_UNDECLARED_SELECTOR = YES;
				GCC_WARN_UNINITIALIZED_AUTOS = YES_AGGRESSIVE;
				GCC_WARN_UNUSED_FUNCTION = YES;
				GCC_WARN_UNUSED_VARIABLE = YES;
				IPHONEOS_DEPLOYMENT_TARGET = 14.1;
				MTL_ENABLE_DEBUG_INFO = NO;
				MTL_FAST_MATH = YES;
				SDKROOT = iphoneos;
				SWIFT_COMPILATION_MODE = wholemodule;
				SWIFT_OPTIMIZATION_LEVEL = "-O";
				VALIDATE_PRODUCT = YES;
			};
			name = Release;
		};
		7555FFA6242A565B00829871 /* Debug */ = {
			isa = XCBuildConfiguration;
			baseConfigurationReference = C5D9F4748C1B01C092D7DC11 /* Pods-iosApp.debug.xcconfig */;
			buildSettings = {
				ASSETCATALOG_COMPILER_APPICON_NAME = AppIcon;
				CODE_SIGN_STYLE = Automatic;
				DEVELOPMENT_TEAM = HFHA6YB7W3;
				ENABLE_PREVIEWS = YES;
				INFOPLIST_FILE = "$(SRCROOT)/iosApp/Resources/Info.plist";
				LD_RUNPATH_SEARCH_PATHS = (
					"$(inherited)",
					"@executable_path/Frameworks",
				);
				PRODUCT_BUNDLE_IDENTIFIER = app.hdj.datepick.iosApp;
				PRODUCT_NAME = "$(TARGET_NAME)";
				SWIFT_VERSION = 5.0;
				TARGETED_DEVICE_FAMILY = "1,2";
			};
			name = Debug;
		};
		7555FFA7242A565B00829871 /* Release */ = {
			isa = XCBuildConfiguration;
			baseConfigurationReference = AE95D38072455B9473DF50D5 /* Pods-iosApp.release.xcconfig */;
			buildSettings = {
				ASSETCATALOG_COMPILER_APPICON_NAME = AppIcon;
				CODE_SIGN_STYLE = Automatic;
				DEVELOPMENT_TEAM = HFHA6YB7W3;
				ENABLE_PREVIEWS = YES;
				INFOPLIST_FILE = "$(SRCROOT)/iosApp/Resources/Info.plist";
				LD_RUNPATH_SEARCH_PATHS = (
					"$(inherited)",
					"@executable_path/Frameworks",
				);
				PRODUCT_BUNDLE_IDENTIFIER = app.hdj.datepick.iosApp;
				PRODUCT_NAME = "$(TARGET_NAME)";
				SWIFT_VERSION = 5.0;
				TARGETED_DEVICE_FAMILY = "1,2";
			};
			name = Release;
		};
/* End XCBuildConfiguration section */

/* Begin XCConfigurationList section */
		7555FF76242A565900829871 /* Build configuration list for PBXProject "iosApp" */ = {
			isa = XCConfigurationList;
			buildConfigurations = (
				7555FFA3242A565B00829871 /* Debug */,
				7555FFA4242A565B00829871 /* Release */,
			);
			defaultConfigurationIsVisible = 0;
			defaultConfigurationName = Release;
		};
		7555FFA5242A565B00829871 /* Build configuration list for PBXNativeTarget "iosApp" */ = {
			isa = XCConfigurationList;
			buildConfigurations = (
				7555FFA6242A565B00829871 /* Debug */,
				7555FFA7242A565B00829871 /* Release */,
			);
			defaultConfigurationIsVisible = 0;
			defaultConfigurationName = Release;
		};
/* End XCConfigurationList section */
	};
	rootObject = 7555FF73242A565900829871 /* Project object */;
}
